
Microsoft Visual Studio Solution File, Format Version 12.00
# Visual Studio Version 17
VisualStudioVersion = 17.2.32616.157
MinimumVisualStudioVersion = 10.0.40219.1
Project("{FAE04EC0-301F-11D3-BF4B-00C04F79EFBC}") = "AnagramString", "AnagramString.csproj", "{B2301810-0A65-49B6-83AE-58C56A0BD097}"
EndProject
Global
	GlobalSection(SolutionConfigurationPlatforms) = preSolution
		Debug|Any CPU = Debug|Any CPU
		Release|Any CPU = Release|Any CPU
	EndGlobalSection
	GlobalSection(ProjectConfigurationPlatforms) = postSolution
		{B2301810-0A65-49B6-83AE-58C56A0BD097}.Debug|Any CPU.ActiveCfg = Debug|Any CPU
		{B2301810-0A65-49B6-83AE-58C56A0BD097}.Debug|Any CPU.Build.0 = Debug|Any CPU
		{B2301810-0A65-49B6-83AE-58C56A0BD097}.Release|Any CPU.ActiveCfg = Release|Any CPU
		{B2301810-0A65-49B6-83AE-58C56A0BD097}.Release|Any CPU.Build.0 = Release|Any CPU
	EndGlobalSection
	GlobalSection(SolutionProperties) = preSolution
		HideSolutionNode = FALSE
	EndGlobalSection
	GlobalSection(ExtensibilityGlobals) = postSolution
		SolutionGuid = {588D283D-1AF5-42B0-8585-7B31D441B4DF}
	EndGlobalSection
EndGlobal
